
Microsoft Visual Studio Solution File, Format Version 12.00
# Visual Studio 14
VisualStudioVersion = 14.0.23107.0
MinimumVisualStudioVersion = 10.0.40219.1
Project("{2150E333-8FDC-42A3-9474-1A3956D46DE8}") = "Debug applications and implement security", "Debug applications and implement security", "{89689ACC-BC7B-41F5-83B6-63B2652D83F1}"
EndProject
Project("{2150E333-8FDC-42A3-9474-1A3956D46DE8}") = "Implement data access", "Implement data access", "{885B55D3-EA43-490A-908F-39574430940E}"
EndProject
Project("{2150E333-8FDC-42A3-9474-1A3956D46DE8}") = "Create and use types", "Create and use types", "{F5DEB492-8405-44EF-AE8B-43FCB32D806D}"
EndProject
Project("{2150E333-8FDC-42A3-9474-1A3956D46DE8}") = "Manage program flow", "Manage program flow", "{0FA6E12C-0979-46D8-9FA4-BA5F1292BA34}"
EndProject
Project("{FAE04EC0-301F-11D3-BF4B-00C04F79EFBC}") = "UILock", "UILock\UILock.csproj", "{BB35EEB6-2874-4DBD-BFBB-B9EA55B99E19}"
EndProject
Project("{FAE04EC0-301F-11D3-BF4B-00C04F79EFBC}") = "ThreadPoolUsage", "ThreadPoolUsage\ThreadPoolUsage.csproj", "{E98D5FB1-22AC-469F-8070-BC54DAB9FCF9}"
EndProject
Project("{FAE04EC0-301F-11D3-BF4B-00C04F79EFBC}") = "TaskParallelLibrary", "TaskParallelLibrary\TaskParallelLibrary.csproj", "{DD97E2D6-ED25-4C7D-B70B-7673992156AF}"
EndProject
Project("{FAE04EC0-301F-11D3-BF4B-00C04F79EFBC}") = "AssemblyUsage", "AssemblyUsage\AssemblyUsage.csproj", "{D11A1CF2-735A-4517-983A-95EFC35AEB80}"
EndProject
Project("{FAE04EC0-301F-11D3-BF4B-00C04F79EFBC}") = "AsyncAwait", "AsyncAwait\AsyncAwait.csproj", "{729CFC1B-0217-4D96-8E19-0B6B5CE20E41}"
EndProject
Project("{FAE04EC0-301F-11D3-BF4B-00C04F79EFBC}") = "CancelLongRunning", "CancelLongRunning\CancelLongRunning.csproj", "{90FCF89D-17CE-4F7B-AD2B-560EBAE016EC}"
EndProject
Project("{FAE04EC0-301F-11D3-BF4B-00C04F79EFBC}") = "CodeDomUsage", "CodeDomUsage\CodeDomUsage.csproj", "{5D55A3DF-F0CB-4ADF-88D3-2ED21CB9EA52}"
EndProject
Project("{FAE04EC0-301F-11D3-BF4B-00C04F79EFBC}") = "ConcurrentCollections", "ConcurrentCollections\ConcurrentCollections.csproj", "{246EF586-139A-41C4-B3F5-96E5EB57D1B8}"
EndProject
Project("{FAE04EC0-301F-11D3-BF4B-00C04F79EFBC}") = "ContinuationTasks", "ContinuationTasks\ContinuationTasks.csproj", "{D781E790-0C1A-4F7B-8316-605BB412D8D8}"
EndProject
Project("{FAE04EC0-301F-11D3-BF4B-00C04F79EFBC}") = "DisposableUsage", "DisposableUsage\DisposableUsage.csproj", "{18A62756-7665-4866-9B42-3C7AFF2066A9}"
EndProject
Project("{FAE04EC0-301F-11D3-BF4B-00C04F79EFBC}") = "DummyLibrary", "DummyLibrary\DummyLibrary.csproj", "{B833D67A-B42D-48AA-8772-A06CC16A579C}"
EndProject
Project("{FAE04EC0-301F-11D3-BF4B-00C04F79EFBC}") = "DynamicUsage", "DynamicUsage\DynamicUsage.csproj", "{E42EDBCB-BE59-4837-9F35-B726AD4D534F}"
EndProject
Project("{FAE04EC0-301F-11D3-BF4B-00C04F79EFBC}") = "EventHandling", "EventHandling\EventHandling.csproj", "{0431BFD8-AE05-4EB4-BBFE-8EA9CF8A59E1}"
EndProject
Project("{FAE04EC0-301F-11D3-BF4B-00C04F79EFBC}") = "ExceptionHandling", "ExceptionHandling\ExceptionHandling.csproj", "{9AB043D8-15AD-4702-BF31-A34F8F134D3A}"
EndProject
Project("{FAE04EC0-301F-11D3-BF4B-00C04F79EFBC}") = "ImplementInterfaces", "ImplementInterfaces\ImplementInterfaces.csproj", "{B1F353C4-E5A9-4F3B-A049-D704AE8DF234}"
EndProject
Project("{FAE04EC0-301F-11D3-BF4B-00C04F79EFBC}") = "InterlockedUsage", "InterlockedUsage\InterlockedUsage.csproj", "{D5AEB82D-D503-46BF-9D8B-05C8636BC8CB}"
EndProject
Project("{FAE04EC0-301F-11D3-BF4B-00C04F79EFBC}") = "LockUsage", "LockUsage\LockUsage.csproj", "{E9474502-BBD5-4B72-9047-1DDA87B8CDAB}"
EndProject
Project("{FAE04EC0-301F-11D3-BF4B-00C04F79EFBC}") = "MutexUsage", "MutexUsage\MutexUsage.csproj", "{26C95183-BE66-426A-9542-C1ABE496DAAD}"
EndProject
Project("{FAE04EC0-301F-11D3-BF4B-00C04F79EFBC}") = "NewVirtualOverride", "NewVirtualOverride\NewVirtualOverride.csproj", "{C6739CBE-2BE0-436A-B3CE-6872FEA5FC56}"
EndProject
Project("{FAE04EC0-301F-11D3-BF4B-00C04F79EFBC}") = "ReflectionUsage", "ReflectionUsage\ReflectionUsage.csproj", "{3805B1B7-E54F-4762-8342-68B8791E28DD}"
EndProject
Project("{FAE04EC0-301F-11D3-BF4B-00C04F79EFBC}") = "Semaphore", "Semaphore\Semaphore.csproj", "{70CF2897-88AE-464E-B16E-F8914E0EC309}"
EndProject
Project("{FAE04EC0-301F-11D3-BF4B-00C04F79EFBC}") = "StringManipulation", "StringManipulation\StringManipulation.csproj", "{31549546-D5B8-4585-A493-4C7A44493D11}"
EndProject
Project("{FAE04EC0-301F-11D3-BF4B-00C04F79EFBC}") = "InputValidation", "InputValidation\InputValidation.csproj", "{58E06268-8C3E-493B-8603-218176A7D7FC}"
EndProject
Project("{FAE04EC0-301F-11D3-BF4B-00C04F79EFBC}") = "RegexUsage", "RegexUsage\RegexUsage.csproj", "{41B515C0-42C1-471F-B6BA-6FC94D2224E4}"
EndProject
Project("{FAE04EC0-301F-11D3-BF4B-00C04F79EFBC}") = "Encryption", "Encryption\Encryption.csproj", "{EA95A966-1972-4FA6-9087-73421FD87DBB}"
EndProject
Project("{FAE04EC0-301F-11D3-BF4B-00C04F79EFBC}") = "PerformanceCounterUsage", "PerformanceCounterUsage\PerformanceCounterUsage.csproj", "{535EF658-21A6-4195-ADF4-32B5C7F7DC2E}"
EndProject
Project("{FAE04EC0-301F-11D3-BF4B-00C04F79EFBC}") = "EventLogUsage", "EventLogUsage\EventLogUsage.csproj", "{98D18709-6BB8-446A-9BE6-430095A60A2F}"
EndProject
Project("{FAE04EC0-301F-11D3-BF4B-00C04F79EFBC}") = "ImplicitExplicit", "ImplicitExplicit\ImplicitExplicit.csproj", "{43A67B81-428F-4985-998F-ED6304B21F44}"
EndProject
Project("{FAE04EC0-301F-11D3-BF4B-00C04F79EFBC}") = "CovarianceContravariance", "CovarianceContravariance\CovarianceContravariance.csproj", "{ACCD9259-CC3C-48F2-8FC2-30C4A7F70566}"
EndProject
Project("{FAE04EC0-301F-11D3-BF4B-00C04F79EFBC}") = "Streams", "Streams\Streams.csproj", "{C4F92FA2-5EFB-4C8C-85C3-660281EEA149}"
EndProject
Project("{FAE04EC0-301F-11D3-BF4B-00C04F79EFBC}") = "TcpUsage", "TcpUsage\TcpUsage.csproj", "{6EA373EC-CB0A-48CF-AC65-37B657D11EA2}"
EndProject
Project("{FAE04EC0-301F-11D3-BF4B-00C04F79EFBC}") = "XmlUsage", "XmlUsage\XmlUsage.csproj", "{12431364-676E-43CB-A459-82DFFAB5A00A}"
EndProject
Project("{FAE04EC0-301F-11D3-BF4B-00C04F79EFBC}") = "BinaryFormatterExample", "BinaryFormatterExample\BinaryFormatterExample.csproj", "{88673D71-1A24-46AB-8C93-65BC92C1DF8A}"
EndProject
Project("{FAE04EC0-301F-11D3-BF4B-00C04F79EFBC}") = "DataContractSerializerExample", "DataContractSerializerExample\DataContractSerializerExample.csproj", "{D98831FB-A235-461D-BE57-15865D810326}"
EndProject
Project("{FAE04EC0-301F-11D3-BF4B-00C04F79EFBC}") = "DataContractJsonSerializerExample", "DataContractJsonSerializerExample\DataContractJsonSerializerExample.csproj", "{BB808B61-7D69-4D0E-AB47-1CF157DAB588}"
EndProject
Project("{FAE04EC0-301F-11D3-BF4B-00C04F79EFBC}") = "LinqExamples", "LinqExamples\LinqExamples.csproj", "{9AC84D6F-6434-4C55-AE2B-52A9947EC6AC}"
EndProject
Global
	GlobalSection(SolutionConfigurationPlatforms) = preSolution
		Debug|Any CPU = Debug|Any CPU
		Release|Any CPU = Release|Any CPU
	EndGlobalSection
	GlobalSection(ProjectConfigurationPlatforms) = postSolution
		{BB35EEB6-2874-4DBD-BFBB-B9EA55B99E19}.Debug|Any CPU.ActiveCfg = Debug|Any CPU
		{BB35EEB6-2874-4DBD-BFBB-B9EA55B99E19}.Debug|Any CPU.Build.0 = Debug|Any CPU
		{BB35EEB6-2874-4DBD-BFBB-B9EA55B99E19}.Release|Any CPU.ActiveCfg = Release|Any CPU
		{BB35EEB6-2874-4DBD-BFBB-B9EA55B99E19}.Release|Any CPU.Build.0 = Release|Any CPU
		{E98D5FB1-22AC-469F-8070-BC54DAB9FCF9}.Debug|Any CPU.ActiveCfg = Debug|Any CPU
		{E98D5FB1-22AC-469F-8070-BC54DAB9FCF9}.Debug|Any CPU.Build.0 = Debug|Any CPU
		{E98D5FB1-22AC-469F-8070-BC54DAB9FCF9}.Release|Any CPU.ActiveCfg = Release|Any CPU
		{E98D5FB1-22AC-469F-8070-BC54DAB9FCF9}.Release|Any CPU.Build.0 = Release|Any CPU
		{DD97E2D6-ED25-4C7D-B70B-7673992156AF}.Debug|Any CPU.ActiveCfg = Debug|Any CPU
		{DD97E2D6-ED25-4C7D-B70B-7673992156AF}.Debug|Any CPU.Build.0 = Debug|Any CPU
		{DD97E2D6-ED25-4C7D-B70B-7673992156AF}.Release|Any CPU.ActiveCfg = Release|Any CPU
		{DD97E2D6-ED25-4C7D-B70B-7673992156AF}.Release|Any CPU.Build.0 = Release|Any CPU
		{D11A1CF2-735A-4517-983A-95EFC35AEB80}.Debug|Any CPU.ActiveCfg = Debug|Any CPU
		{D11A1CF2-735A-4517-983A-95EFC35AEB80}.Debug|Any CPU.Build.0 = Debug|Any CPU
		{D11A1CF2-735A-4517-983A-95EFC35AEB80}.Release|Any CPU.ActiveCfg = Release|Any CPU
		{D11A1CF2-735A-4517-983A-95EFC35AEB80}.Release|Any CPU.Build.0 = Release|Any CPU
		{729CFC1B-0217-4D96-8E19-0B6B5CE20E41}.Debug|Any CPU.ActiveCfg = Debug|Any CPU
		{729CFC1B-0217-4D96-8E19-0B6B5CE20E41}.Debug|Any CPU.Build.0 = Debug|Any CPU
		{729CFC1B-0217-4D96-8E19-0B6B5CE20E41}.Release|Any CPU.ActiveCfg = Release|Any CPU
		{729CFC1B-0217-4D96-8E19-0B6B5CE20E41}.Release|Any CPU.Build.0 = Release|Any CPU
		{90FCF89D-17CE-4F7B-AD2B-560EBAE016EC}.Debug|Any CPU.ActiveCfg = Debug|Any CPU
		{90FCF89D-17CE-4F7B-AD2B-560EBAE016EC}.Debug|Any CPU.Build.0 = Debug|Any CPU
		{90FCF89D-17CE-4F7B-AD2B-560EBAE016EC}.Release|Any CPU.ActiveCfg = Release|Any CPU
		{90FCF89D-17CE-4F7B-AD2B-560EBAE016EC}.Release|Any CPU.Build.0 = Release|Any CPU
		{5D55A3DF-F0CB-4ADF-88D3-2ED21CB9EA52}.Debug|Any CPU.ActiveCfg = Debug|Any CPU
		{5D55A3DF-F0CB-4ADF-88D3-2ED21CB9EA52}.Debug|Any CPU.Build.0 = Debug|Any CPU
		{5D55A3DF-F0CB-4ADF-88D3-2ED21CB9EA52}.Release|Any CPU.ActiveCfg = Release|Any CPU
		{5D55A3DF-F0CB-4ADF-88D3-2ED21CB9EA52}.Release|Any CPU.Build.0 = Release|Any CPU
		{246EF586-139A-41C4-B3F5-96E5EB57D1B8}.Debug|Any CPU.ActiveCfg = Debug|Any CPU
		{246EF586-139A-41C4-B3F5-96E5EB57D1B8}.Debug|Any CPU.Build.0 = Debug|Any CPU
		{246EF586-139A-41C4-B3F5-96E5EB57D1B8}.Release|Any CPU.ActiveCfg = Release|Any CPU
		{246EF586-139A-41C4-B3F5-96E5EB57D1B8}.Release|Any CPU.Build.0 = Release|Any CPU
		{D781E790-0C1A-4F7B-8316-605BB412D8D8}.Debug|Any CPU.ActiveCfg = Debug|Any CPU
		{D781E790-0C1A-4F7B-8316-605BB412D8D8}.Debug|Any CPU.Build.0 = Debug|Any CPU
		{D781E790-0C1A-4F7B-8316-605BB412D8D8}.Release|Any CPU.ActiveCfg = Release|Any CPU
		{D781E790-0C1A-4F7B-8316-605BB412D8D8}.Release|Any CPU.Build.0 = Release|Any CPU
		{18A62756-7665-4866-9B42-3C7AFF2066A9}.Debug|Any CPU.ActiveCfg = Debug|Any CPU
		{18A62756-7665-4866-9B42-3C7AFF2066A9}.Debug|Any CPU.Build.0 = Debug|Any CPU
		{18A62756-7665-4866-9B42-3C7AFF2066A9}.Release|Any CPU.ActiveCfg = Release|Any CPU
		{18A62756-7665-4866-9B42-3C7AFF2066A9}.Release|Any CPU.Build.0 = Release|Any CPU
		{B833D67A-B42D-48AA-8772-A06CC16A579C}.Debug|Any CPU.ActiveCfg = Debug|Any CPU
		{B833D67A-B42D-48AA-8772-A06CC16A579C}.Debug|Any CPU.Build.0 = Debug|Any CPU
		{B833D67A-B42D-48AA-8772-A06CC16A579C}.Release|Any CPU.ActiveCfg = Release|Any CPU
		{B833D67A-B42D-48AA-8772-A06CC16A579C}.Release|Any CPU.Build.0 = Release|Any CPU
		{E42EDBCB-BE59-4837-9F35-B726AD4D534F}.Debug|Any CPU.ActiveCfg = Debug|Any CPU
		{E42EDBCB-BE59-4837-9F35-B726AD4D534F}.Debug|Any CPU.Build.0 = Debug|Any CPU
		{E42EDBCB-BE59-4837-9F35-B726AD4D534F}.Release|Any CPU.ActiveCfg = Release|Any CPU
		{E42EDBCB-BE59-4837-9F35-B726AD4D534F}.Release|Any CPU.Build.0 = Release|Any CPU
		{0431BFD8-AE05-4EB4-BBFE-8EA9CF8A59E1}.Debug|Any CPU.ActiveCfg = Debug|Any CPU
		{0431BFD8-AE05-4EB4-BBFE-8EA9CF8A59E1}.Debug|Any CPU.Build.0 = Debug|Any CPU
		{0431BFD8-AE05-4EB4-BBFE-8EA9CF8A59E1}.Release|Any CPU.ActiveCfg = Release|Any CPU
		{0431BFD8-AE05-4EB4-BBFE-8EA9CF8A59E1}.Release|Any CPU.Build.0 = Release|Any CPU
		{9AB043D8-15AD-4702-BF31-A34F8F134D3A}.Debug|Any CPU.ActiveCfg = Debug|Any CPU
		{9AB043D8-15AD-4702-BF31-A34F8F134D3A}.Debug|Any CPU.Build.0 = Debug|Any CPU
		{9AB043D8-15AD-4702-BF31-A34F8F134D3A}.Release|Any CPU.ActiveCfg = Release|Any CPU
		{9AB043D8-15AD-4702-BF31-A34F8F134D3A}.Release|Any CPU.Build.0 = Release|Any CPU
		{B1F353C4-E5A9-4F3B-A049-D704AE8DF234}.Debug|Any CPU.ActiveCfg = Debug|Any CPU
		{B1F353C4-E5A9-4F3B-A049-D704AE8DF234}.Debug|Any CPU.Build.0 = Debug|Any CPU
		{B1F353C4-E5A9-4F3B-A049-D704AE8DF234}.Release|Any CPU.ActiveCfg = Release|Any CPU
		{B1F353C4-E5A9-4F3B-A049-D704AE8DF234}.Release|Any CPU.Build.0 = Release|Any CPU
		{D5AEB82D-D503-46BF-9D8B-05C8636BC8CB}.Debug|Any CPU.ActiveCfg = Debug|Any CPU
		{D5AEB82D-D503-46BF-9D8B-05C8636BC8CB}.Debug|Any CPU.Build.0 = Debug|Any CPU
		{D5AEB82D-D503-46BF-9D8B-05C8636BC8CB}.Release|Any CPU.ActiveCfg = Release|Any CPU
		{D5AEB82D-D503-46BF-9D8B-05C8636BC8CB}.Release|Any CPU.Build.0 = Release|Any CPU
		{E9474502-BBD5-4B72-9047-1DDA87B8CDAB}.Debug|Any CPU.ActiveCfg = Debug|Any CPU
		{E9474502-BBD5-4B72-9047-1DDA87B8CDAB}.Debug|Any CPU.Build.0 = Debug|Any CPU
		{E9474502-BBD5-4B72-9047-1DDA87B8CDAB}.Release|Any CPU.ActiveCfg = Release|Any CPU
		{E9474502-BBD5-4B72-9047-1DDA87B8CDAB}.Release|Any CPU.Build.0 = Release|Any CPU
		{26C95183-BE66-426A-9542-C1ABE496DAAD}.Debug|Any CPU.ActiveCfg = Debug|Any CPU
		{26C95183-BE66-426A-9542-C1ABE496DAAD}.Debug|Any CPU.Build.0 = Debug|Any CPU
		{26C95183-BE66-426A-9542-C1ABE496DAAD}.Release|Any CPU.ActiveCfg = Release|Any CPU
		{26C95183-BE66-426A-9542-C1ABE496DAAD}.Release|Any CPU.Build.0 = Release|Any CPU
		{C6739CBE-2BE0-436A-B3CE-6872FEA5FC56}.Debug|Any CPU.ActiveCfg = Debug|Any CPU
		{C6739CBE-2BE0-436A-B3CE-6872FEA5FC56}.Debug|Any CPU.Build.0 = Debug|Any CPU
		{C6739CBE-2BE0-436A-B3CE-6872FEA5FC56}.Release|Any CPU.ActiveCfg = Release|Any CPU
		{C6739CBE-2BE0-436A-B3CE-6872FEA5FC56}.Release|Any CPU.Build.0 = Release|Any CPU
		{3805B1B7-E54F-4762-8342-68B8791E28DD}.Debug|Any CPU.ActiveCfg = Debug|Any CPU
		{3805B1B7-E54F-4762-8342-68B8791E28DD}.Debug|Any CPU.Build.0 = Debug|Any CPU
		{3805B1B7-E54F-4762-8342-68B8791E28DD}.Release|Any CPU.ActiveCfg = Release|Any CPU
		{3805B1B7-E54F-4762-8342-68B8791E28DD}.Release|Any CPU.Build.0 = Release|Any CPU
		{70CF2897-88AE-464E-B16E-F8914E0EC309}.Debug|Any CPU.ActiveCfg = Debug|Any CPU
		{70CF2897-88AE-464E-B16E-F8914E0EC309}.Debug|Any CPU.Build.0 = Debug|Any CPU
		{70CF2897-88AE-464E-B16E-F8914E0EC309}.Release|Any CPU.ActiveCfg = Release|Any CPU
		{70CF2897-88AE-464E-B16E-F8914E0EC309}.Release|Any CPU.Build.0 = Release|Any CPU
		{31549546-D5B8-4585-A493-4C7A44493D11}.Debug|Any CPU.ActiveCfg = Debug|Any CPU
		{31549546-D5B8-4585-A493-4C7A44493D11}.Debug|Any CPU.Build.0 = Debug|Any CPU
		{31549546-D5B8-4585-A493-4C7A44493D11}.Release|Any CPU.ActiveCfg = Release|Any CPU
		{31549546-D5B8-4585-A493-4C7A44493D11}.Release|Any CPU.Build.0 = Release|Any CPU
		{58E06268-8C3E-493B-8603-218176A7D7FC}.Debug|Any CPU.ActiveCfg = Debug|Any CPU
		{58E06268-8C3E-493B-8603-218176A7D7FC}.Debug|Any CPU.Build.0 = Debug|Any CPU
		{58E06268-8C3E-493B-8603-218176A7D7FC}.Release|Any CPU.ActiveCfg = Release|Any CPU
		{58E06268-8C3E-493B-8603-218176A7D7FC}.Release|Any CPU.Build.0 = Release|Any CPU
		{41B515C0-42C1-471F-B6BA-6FC94D2224E4}.Debug|Any CPU.ActiveCfg = Debug|Any CPU
		{41B515C0-42C1-471F-B6BA-6FC94D2224E4}.Debug|Any CPU.Build.0 = Debug|Any CPU
		{41B515C0-42C1-471F-B6BA-6FC94D2224E4}.Release|Any CPU.ActiveCfg = Release|Any CPU
		{41B515C0-42C1-471F-B6BA-6FC94D2224E4}.Release|Any CPU.Build.0 = Release|Any CPU
		{EA95A966-1972-4FA6-9087-73421FD87DBB}.Debug|Any CPU.ActiveCfg = Debug|Any CPU
		{EA95A966-1972-4FA6-9087-73421FD87DBB}.Debug|Any CPU.Build.0 = Debug|Any CPU
		{EA95A966-1972-4FA6-9087-73421FD87DBB}.Release|Any CPU.ActiveCfg = Release|Any CPU
		{EA95A966-1972-4FA6-9087-73421FD87DBB}.Release|Any CPU.Build.0 = Release|Any CPU
		{535EF658-21A6-4195-ADF4-32B5C7F7DC2E}.Debug|Any CPU.ActiveCfg = Debug|Any CPU
		{535EF658-21A6-4195-ADF4-32B5C7F7DC2E}.Debug|Any CPU.Build.0 = Debug|Any CPU
		{535EF658-21A6-4195-ADF4-32B5C7F7DC2E}.Release|Any CPU.ActiveCfg = Release|Any CPU
		{535EF658-21A6-4195-ADF4-32B5C7F7DC2E}.Release|Any CPU.Build.0 = Release|Any CPU
		{98D18709-6BB8-446A-9BE6-430095A60A2F}.Debug|Any CPU.ActiveCfg = Debug|Any CPU
		{98D18709-6BB8-446A-9BE6-430095A60A2F}.Debug|Any CPU.Build.0 = Debug|Any CPU
		{98D18709-6BB8-446A-9BE6-430095A60A2F}.Release|Any CPU.ActiveCfg = Release|Any CPU
		{98D18709-6BB8-446A-9BE6-430095A60A2F}.Release|Any CPU.Build.0 = Release|Any CPU
		{43A67B81-428F-4985-998F-ED6304B21F44}.Debug|Any CPU.ActiveCfg = Debug|Any CPU
		{43A67B81-428F-4985-998F-ED6304B21F44}.Debug|Any CPU.Build.0 = Debug|Any CPU
		{43A67B81-428F-4985-998F-ED6304B21F44}.Release|Any CPU.ActiveCfg = Release|Any CPU
		{43A67B81-428F-4985-998F-ED6304B21F44}.Release|Any CPU.Build.0 = Release|Any CPU
		{ACCD9259-CC3C-48F2-8FC2-30C4A7F70566}.Debug|Any CPU.ActiveCfg = Debug|Any CPU
		{ACCD9259-CC3C-48F2-8FC2-30C4A7F70566}.Debug|Any CPU.Build.0 = Debug|Any CPU
		{ACCD9259-CC3C-48F2-8FC2-30C4A7F70566}.Release|Any CPU.ActiveCfg = Release|Any CPU
		{ACCD9259-CC3C-48F2-8FC2-30C4A7F70566}.Release|Any CPU.Build.0 = Release|Any CPU
		{C4F92FA2-5EFB-4C8C-85C3-660281EEA149}.Debug|Any CPU.ActiveCfg = Debug|Any CPU
		{C4F92FA2-5EFB-4C8C-85C3-660281EEA149}.Debug|Any CPU.Build.0 = Debug|Any CPU
		{C4F92FA2-5EFB-4C8C-85C3-660281EEA149}.Release|Any CPU.ActiveCfg = Release|Any CPU
		{C4F92FA2-5EFB-4C8C-85C3-660281EEA149}.Release|Any CPU.Build.0 = Release|Any CPU
		{6EA373EC-CB0A-48CF-AC65-37B657D11EA2}.Debug|Any CPU.ActiveCfg = Debug|Any CPU
		{6EA373EC-CB0A-48CF-AC65-37B657D11EA2}.Debug|Any CPU.Build.0 = Debug|Any CPU
		{6EA373EC-CB0A-48CF-AC65-37B657D11EA2}.Release|Any CPU.ActiveCfg = Release|Any CPU
		{6EA373EC-CB0A-48CF-AC65-37B657D11EA2}.Release|Any CPU.Build.0 = Release|Any CPU
		{12431364-676E-43CB-A459-82DFFAB5A00A}.Debug|Any CPU.ActiveCfg = Debug|Any CPU
		{12431364-676E-43CB-A459-82DFFAB5A00A}.Debug|Any CPU.Build.0 = Debug|Any CPU
		{12431364-676E-43CB-A459-82DFFAB5A00A}.Release|Any CPU.ActiveCfg = Release|Any CPU
		{12431364-676E-43CB-A459-82DFFAB5A00A}.Release|Any CPU.Build.0 = Release|Any CPU
		{88673D71-1A24-46AB-8C93-65BC92C1DF8A}.Debug|Any CPU.ActiveCfg = Debug|Any CPU
		{88673D71-1A24-46AB-8C93-65BC92C1DF8A}.Debug|Any CPU.Build.0 = Debug|Any CPU
		{88673D71-1A24-46AB-8C93-65BC92C1DF8A}.Release|Any CPU.ActiveCfg = Release|Any CPU
		{88673D71-1A24-46AB-8C93-65BC92C1DF8A}.Release|Any CPU.Build.0 = Release|Any CPU
		{D98831FB-A235-461D-BE57-15865D810326}.Debug|Any CPU.ActiveCfg = Debug|Any CPU
		{D98831FB-A235-461D-BE57-15865D810326}.Debug|Any CPU.Build.0 = Debug|Any CPU
		{D98831FB-A235-461D-BE57-15865D810326}.Release|Any CPU.ActiveCfg = Release|Any CPU
		{D98831FB-A235-461D-BE57-15865D810326}.Release|Any CPU.Build.0 = Release|Any CPU
		{BB808B61-7D69-4D0E-AB47-1CF157DAB588}.Debug|Any CPU.ActiveCfg = Debug|Any CPU
		{BB808B61-7D69-4D0E-AB47-1CF157DAB588}.Debug|Any CPU.Build.0 = Debug|Any CPU
		{BB808B61-7D69-4D0E-AB47-1CF157DAB588}.Release|Any CPU.ActiveCfg = Release|Any CPU
		{BB808B61-7D69-4D0E-AB47-1CF157DAB588}.Release|Any CPU.Build.0 = Release|Any CPU
		{9AC84D6F-6434-4C55-AE2B-52A9947EC6AC}.Debug|Any CPU.ActiveCfg = Debug|Any CPU
		{9AC84D6F-6434-4C55-AE2B-52A9947EC6AC}.Debug|Any CPU.Build.0 = Debug|Any CPU
		{9AC84D6F-6434-4C55-AE2B-52A9947EC6AC}.Release|Any CPU.ActiveCfg = Release|Any CPU
		{9AC84D6F-6434-4C55-AE2B-52A9947EC6AC}.Release|Any CPU.Build.0 = Release|Any CPU
	EndGlobalSection
	GlobalSection(SolutionProperties) = preSolution
		HideSolutionNode = FALSE
	EndGlobalSection
	GlobalSection(NestedProjects) = preSolution
		{BB35EEB6-2874-4DBD-BFBB-B9EA55B99E19} = {0FA6E12C-0979-46D8-9FA4-BA5F1292BA34}
		{E98D5FB1-22AC-469F-8070-BC54DAB9FCF9} = {0FA6E12C-0979-46D8-9FA4-BA5F1292BA34}
		{DD97E2D6-ED25-4C7D-B70B-7673992156AF} = {0FA6E12C-0979-46D8-9FA4-BA5F1292BA34}
		{D11A1CF2-735A-4517-983A-95EFC35AEB80} = {F5DEB492-8405-44EF-AE8B-43FCB32D806D}
		{729CFC1B-0217-4D96-8E19-0B6B5CE20E41} = {0FA6E12C-0979-46D8-9FA4-BA5F1292BA34}
		{90FCF89D-17CE-4F7B-AD2B-560EBAE016EC} = {0FA6E12C-0979-46D8-9FA4-BA5F1292BA34}
		{5D55A3DF-F0CB-4ADF-88D3-2ED21CB9EA52} = {F5DEB492-8405-44EF-AE8B-43FCB32D806D}
		{246EF586-139A-41C4-B3F5-96E5EB57D1B8} = {0FA6E12C-0979-46D8-9FA4-BA5F1292BA34}
		{D781E790-0C1A-4F7B-8316-605BB412D8D8} = {0FA6E12C-0979-46D8-9FA4-BA5F1292BA34}
		{18A62756-7665-4866-9B42-3C7AFF2066A9} = {F5DEB492-8405-44EF-AE8B-43FCB32D806D}
		{B833D67A-B42D-48AA-8772-A06CC16A579C} = {F5DEB492-8405-44EF-AE8B-43FCB32D806D}
		{E42EDBCB-BE59-4837-9F35-B726AD4D534F} = {F5DEB492-8405-44EF-AE8B-43FCB32D806D}
		{0431BFD8-AE05-4EB4-BBFE-8EA9CF8A59E1} = {F5DEB492-8405-44EF-AE8B-43FCB32D806D}
		{9AB043D8-15AD-4702-BF31-A34F8F134D3A} = {F5DEB492-8405-44EF-AE8B-43FCB32D806D}
		{B1F353C4-E5A9-4F3B-A049-D704AE8DF234} = {F5DEB492-8405-44EF-AE8B-43FCB32D806D}
		{D5AEB82D-D503-46BF-9D8B-05C8636BC8CB} = {0FA6E12C-0979-46D8-9FA4-BA5F1292BA34}
		{E9474502-BBD5-4B72-9047-1DDA87B8CDAB} = {0FA6E12C-0979-46D8-9FA4-BA5F1292BA34}
		{26C95183-BE66-426A-9542-C1ABE496DAAD} = {0FA6E12C-0979-46D8-9FA4-BA5F1292BA34}
		{C6739CBE-2BE0-436A-B3CE-6872FEA5FC56} = {F5DEB492-8405-44EF-AE8B-43FCB32D806D}
		{3805B1B7-E54F-4762-8342-68B8791E28DD} = {F5DEB492-8405-44EF-AE8B-43FCB32D806D}
		{70CF2897-88AE-464E-B16E-F8914E0EC309} = {0FA6E12C-0979-46D8-9FA4-BA5F1292BA34}
		{31549546-D5B8-4585-A493-4C7A44493D11} = {F5DEB492-8405-44EF-AE8B-43FCB32D806D}
		{58E06268-8C3E-493B-8603-218176A7D7FC} = {89689ACC-BC7B-41F5-83B6-63B2652D83F1}
		{41B515C0-42C1-471F-B6BA-6FC94D2224E4} = {89689ACC-BC7B-41F5-83B6-63B2652D83F1}
		{EA95A966-1972-4FA6-9087-73421FD87DBB} = {89689ACC-BC7B-41F5-83B6-63B2652D83F1}
		{535EF658-21A6-4195-ADF4-32B5C7F7DC2E} = {89689ACC-BC7B-41F5-83B6-63B2652D83F1}
		{98D18709-6BB8-446A-9BE6-430095A60A2F} = {89689ACC-BC7B-41F5-83B6-63B2652D83F1}
		{43A67B81-428F-4985-998F-ED6304B21F44} = {F5DEB492-8405-44EF-AE8B-43FCB32D806D}
		{ACCD9259-CC3C-48F2-8FC2-30C4A7F70566} = {F5DEB492-8405-44EF-AE8B-43FCB32D806D}
		{C4F92FA2-5EFB-4C8C-85C3-660281EEA149} = {885B55D3-EA43-490A-908F-39574430940E}
		{6EA373EC-CB0A-48CF-AC65-37B657D11EA2} = {885B55D3-EA43-490A-908F-39574430940E}
		{12431364-676E-43CB-A459-82DFFAB5A00A} = {885B55D3-EA43-490A-908F-39574430940E}
		{88673D71-1A24-46AB-8C93-65BC92C1DF8A} = {885B55D3-EA43-490A-908F-39574430940E}
		{D98831FB-A235-461D-BE57-15865D810326} = {885B55D3-EA43-490A-908F-39574430940E}
		{BB808B61-7D69-4D0E-AB47-1CF157DAB588} = {885B55D3-EA43-490A-908F-39574430940E}
		{9AC84D6F-6434-4C55-AE2B-52A9947EC6AC} = {885B55D3-EA43-490A-908F-39574430940E}
	EndGlobalSection
EndGlobal
